
Microsoft Visual Studio Solution File, Format Version 12.00
# Visual Studio Version 17
VisualStudioVersion = 17.4.33213.308
MinimumVisualStudioVersion = 10.0.40219.1
Project("{9A19103F-16F7-4668-BE54-9A1E7A4F7556}") = "BracketMatchChecker", "BracketMatchChecker\BracketMatchChecker.csproj", "{5E67D359-E182-4D89-B837-FBFDF64F1304}"
EndProject
Project("{9A19103F-16F7-4668-BE54-9A1E7A4F7556}") = "BracketMatchCheckerTests", "BracketMatchCheckerTests\BracketMatchCheckerTests.csproj", "{BC32886B-73FC-48A5-AEA3-08309FC2A9AA}"
EndProject
Project("{2150E333-8FDC-42A3-9474-1A3956D46DE8}") = "Solution Items", "Solution Items", "{1DCEDCA4-71A5-45A2-BB0D-47E79565B131}"
	ProjectSection(SolutionItems) = preProject
		azure-pipelines.yml = azure-pipelines.yml
		README.md = README.md
	EndProjectSection
EndProject
Global
	GlobalSection(SolutionConfigurationPlatforms) = preSolution
		Debug|Any CPU = Debug|Any CPU
		Release|Any CPU = Release|Any CPU
	EndGlobalSection
	GlobalSection(ProjectConfigurationPlatforms) = postSolution
		{5E67D359-E182-4D89-B837-FBFDF64F1304}.Debug|Any CPU.ActiveCfg = Debug|Any CPU
		{5E67D359-E182-4D89-B837-FBFDF64F1304}.Debug|Any CPU.Build.0 = Debug|Any CPU
		{5E67D359-E182-4D89-B837-FBFDF64F1304}.Release|Any CPU.ActiveCfg = Release|Any CPU
		{5E67D359-E182-4D89-B837-FBFDF64F1304}.Release|Any CPU.Build.0 = Release|Any CPU
		{BC32886B-73FC-48A5-AEA3-08309FC2A9AA}.Debug|Any CPU.ActiveCfg = Debug|Any CPU
		{BC32886B-73FC-48A5-AEA3-08309FC2A9AA}.Debug|Any CPU.Build.0 = Debug|Any CPU
		{BC32886B-73FC-48A5-AEA3-08309FC2A9AA}.Release|Any CPU.ActiveCfg = Release|Any CPU
		{BC32886B-73FC-48A5-AEA3-08309FC2A9AA}.Release|Any CPU.Build.0 = Release|Any CPU
	EndGlobalSection
	GlobalSection(SolutionProperties) = preSolution
		HideSolutionNode = FALSE
	EndGlobalSection
	GlobalSection(ExtensibilityGlobals) = postSolution
		SolutionGuid = {67DE11F8-076F-4EAE-82E2-6838D507A3CA}
	EndGlobalSection
EndGlobal
