
Microsoft Visual Studio Solution File, Format Version 12.00
# Visual Studio Version 17
VisualStudioVersion = 17.4.33213.308
MinimumVisualStudioVersion = 10.0.40219.1
Project("{FAE04EC0-301F-11D3-BF4B-00C04F79EFBC}") = "BracketMatchChecker", "BracketMatchChecker\BracketMatchChecker.csproj", "{5E67D359-E182-4D89-B837-FBFDF64F1304}"
EndProject
Project("{FAE04EC0-301F-11D3-BF4B-00C04F79EFBC}") = "BracketMatchCheckerTests", "BracketMatchCheckerTests\BracketMatchCheckerTests.csproj", "{BC32886B-73FC-48A5-AEA3-08309FC2A9AA}"
EndProject
Global
	GlobalSection(SolutionConfigurationPlatforms) = preSolution
		Debug|Any CPU = Debug|Any CPU
		Release|Any CPU = Release|Any CPU
	EndGlobalSection
	GlobalSection(ProjectConfigurationPlatforms) = postSolution
		{5E67D359-E182-4D89-B837-FBFDF64F1304}.Debug|Any CPU.ActiveCfg = Debug|Any CPU
		{5E67D359-E182-4D89-B837-FBFDF64F1304}.Debug|Any CPU.Build.0 = Debug|Any CPU
		{5E67D359-E182-4D89-B837-FBFDF64F1304}.Release|Any CPU.ActiveCfg = Release|Any CPU
		{5E67D359-E182-4D89-B837-FBFDF64F1304}.Release|Any CPU.Build.0 = Release|Any CPU
		{BC32886B-73FC-48A5-AEA3-08309FC2A9AA}.Debug|Any CPU.ActiveCfg = Debug|Any CPU
		{BC32886B-73FC-48A5-AEA3-08309FC2A9AA}.Debug|Any CPU.Build.0 = Debug|Any CPU
		{BC32886B-73FC-48A5-AEA3-08309FC2A9AA}.Release|Any CPU.ActiveCfg = Release|Any CPU
		{BC32886B-73FC-48A5-AEA3-08309FC2A9AA}.Release|Any CPU.Build.0 = Release|Any CPU
	EndGlobalSection
	GlobalSection(SolutionProperties) = preSolution
		HideSolutionNode = FALSE
	EndGlobalSection
	GlobalSection(ExtensibilityGlobals) = postSolution
		SolutionGuid = {67DE11F8-076F-4EAE-82E2-6838D507A3CA}
	EndGlobalSection
EndGlobal
